
Microsoft Visual Studio Solution File, Format Version 12.00
# Visual Studio 2012
Project("{FAE04EC0-301F-11D3-BF4B-00C04F79EFBC}") = "Arcomage.Core", "Arcomage.Core\Arcomage.Core.csproj", "{A08C490A-7C60-4FDA-B452-A7136A039FB9}"
EndProject
Project("{FAE04EC0-301F-11D3-BF4B-00C04F79EFBC}") = "Arcomage.Server", "Arcomage.Server\Arcomage.Server.csproj", "{29799A9F-DD29-42A9-B1BB-2673F259265C}"
EndProject
Project("{FAE04EC0-301F-11D3-BF4B-00C04F79EFBC}") = "Arcomage.WebConsole", "Arcomage.WebConsole\Arcomage.WebConsole.csproj", "{ABEB0BD2-9CCA-4F37-B83E-9FAE8D896792}"
EndProject
Project("{FAE04EC0-301F-11D3-BF4B-00C04F79EFBC}") = "Arcomage.BL", "Arcomage.BL\Arcomage.BL.csproj", "{5CDBD06B-18C3-4F7C-A3B0-AB974659FB03}"
EndProject
Project("{FAE04EC0-301F-11D3-BF4B-00C04F79EFBC}") = "Arcomage.DAL", "Arcomage.DAL\Arcomage.DAL.csproj", "{41A48EE5-32B4-413F-98A0-8C4FA09CCC41}"
EndProject
Global
	GlobalSection(SolutionConfigurationPlatforms) = preSolution
		Debug|Any CPU = Debug|Any CPU
		Release|Any CPU = Release|Any CPU
	EndGlobalSection
	GlobalSection(ProjectConfigurationPlatforms) = postSolution
		{A08C490A-7C60-4FDA-B452-A7136A039FB9}.Debug|Any CPU.ActiveCfg = Debug|Any CPU
		{A08C490A-7C60-4FDA-B452-A7136A039FB9}.Debug|Any CPU.Build.0 = Debug|Any CPU
		{A08C490A-7C60-4FDA-B452-A7136A039FB9}.Release|Any CPU.ActiveCfg = Release|Any CPU
		{A08C490A-7C60-4FDA-B452-A7136A039FB9}.Release|Any CPU.Build.0 = Release|Any CPU
		{29799A9F-DD29-42A9-B1BB-2673F259265C}.Debug|Any CPU.ActiveCfg = Debug|Any CPU
		{29799A9F-DD29-42A9-B1BB-2673F259265C}.Debug|Any CPU.Build.0 = Debug|Any CPU
		{29799A9F-DD29-42A9-B1BB-2673F259265C}.Release|Any CPU.ActiveCfg = Release|Any CPU
		{29799A9F-DD29-42A9-B1BB-2673F259265C}.Release|Any CPU.Build.0 = Release|Any CPU
		{ABEB0BD2-9CCA-4F37-B83E-9FAE8D896792}.Debug|Any CPU.ActiveCfg = Debug|Any CPU
		{ABEB0BD2-9CCA-4F37-B83E-9FAE8D896792}.Debug|Any CPU.Build.0 = Debug|Any CPU
		{ABEB0BD2-9CCA-4F37-B83E-9FAE8D896792}.Release|Any CPU.ActiveCfg = Release|Any CPU
		{ABEB0BD2-9CCA-4F37-B83E-9FAE8D896792}.Release|Any CPU.Build.0 = Release|Any CPU
		{5CDBD06B-18C3-4F7C-A3B0-AB974659FB03}.Debug|Any CPU.ActiveCfg = Debug|Any CPU
		{5CDBD06B-18C3-4F7C-A3B0-AB974659FB03}.Debug|Any CPU.Build.0 = Debug|Any CPU
		{5CDBD06B-18C3-4F7C-A3B0-AB974659FB03}.Release|Any CPU.ActiveCfg = Release|Any CPU
		{5CDBD06B-18C3-4F7C-A3B0-AB974659FB03}.Release|Any CPU.Build.0 = Release|Any CPU
		{41A48EE5-32B4-413F-98A0-8C4FA09CCC41}.Debug|Any CPU.ActiveCfg = Debug|Any CPU
		{41A48EE5-32B4-413F-98A0-8C4FA09CCC41}.Debug|Any CPU.Build.0 = Debug|Any CPU
		{41A48EE5-32B4-413F-98A0-8C4FA09CCC41}.Release|Any CPU.ActiveCfg = Release|Any CPU
		{41A48EE5-32B4-413F-98A0-8C4FA09CCC41}.Release|Any CPU.Build.0 = Release|Any CPU
	EndGlobalSection
	GlobalSection(SolutionProperties) = preSolution
		HideSolutionNode = FALSE
	EndGlobalSection
EndGlobal
