Microsoft Visual Studio Solution File, Format Version 11.00
# Visual Studio 2008

Project("{748EB071-97ED-B711-8A25-40F4BA07BE25}") = "Arcomage", "Assembly-CSharp.csproj", "{23DB4F36-5E30-F4FA-2BC9-70D1C73EBF73}"
EndProject
Global
	GlobalSection(SolutionConfigurationPlatforms) = preSolution
		Debug|Any CPU = Debug|Any CPU
		Release|Any CPU = Release|Any CPU
	EndGlobalSection
	GlobalSection(ProjectConfigurationPlatforms) = postSolution
		{23DB4F36-5E30-F4FA-2BC9-70D1C73EBF73}.Debug|Any CPU.ActiveCfg = Debug|Any CPU
		{23DB4F36-5E30-F4FA-2BC9-70D1C73EBF73}.Debug|Any CPU.Build.0 = Debug|Any CPU
		{23DB4F36-5E30-F4FA-2BC9-70D1C73EBF73}.Release|Any CPU.ActiveCfg = Release|Any CPU
		{23DB4F36-5E30-F4FA-2BC9-70D1C73EBF73}.Release|Any CPU.Build.0 = Release|Any CPU
	EndGlobalSection
	GlobalSection(SolutionProperties) = preSolution
		HideSolutionNode = FALSE
	EndGlobalSection
						GlobalSection(MonoDevelopProperties) = preSolution
		StartupItem = Assembly-CSharp.csproj
		Policies = $0
		$0.TextStylePolicy = $1
		$1.inheritsSet = null
		$1.scope = text/x-csharp
		$0.CSharpFormattingPolicy = $2
		$2.inheritsSet = Mono
		$2.inheritsScope = text/x-csharp
		$2.scope = text/x-csharp
		$0.TextStylePolicy = $3
		$3.FileWidth = 120
		$3.TabWidth = 4
		$3.EolMarker = Unix
		$3.inheritsSet = Mono
		$3.inheritsScope = text/plain
		$3.scope = text/plain
	EndGlobalSection

EndGlobal
